
Microsoft Visual Studio Solution File, Format Version 12.00
# Visual Studio Version 17
VisualStudioVersion = 17.0.31912.275
MinimumVisualStudioVersion = 10.0.40219.1
Project("{9A19103F-16F7-4668-BE54-9A1E7A4F7556}") = "TwitterBot", "TwitterBot\TwitterBot.csproj", "{CDFB23EE-7314-4D70-9ED0-118939A88F57}"
EndProject
Project("{9A19103F-16F7-4668-BE54-9A1E7A4F7556}") = "TwitterBot.Core", "TwitterBot.Core\TwitterBot.Core.csproj", "{3E7ECDAE-805D-4C17-AE71-12943F029937}"
EndProject
Global
	GlobalSection(SolutionConfigurationPlatforms) = preSolution
		Debug|Any CPU = Debug|Any CPU
		Release|Any CPU = Release|Any CPU
	EndGlobalSection
	GlobalSection(ProjectConfigurationPlatforms) = postSolution
		{CDFB23EE-7314-4D70-9ED0-118939A88F57}.Debug|Any CPU.ActiveCfg = Debug|Any CPU
		{CDFB23EE-7314-4D70-9ED0-118939A88F57}.Debug|Any CPU.Build.0 = Debug|Any CPU
		{CDFB23EE-7314-4D70-9ED0-118939A88F57}.Release|Any CPU.ActiveCfg = Release|Any CPU
		{CDFB23EE-7314-4D70-9ED0-118939A88F57}.Release|Any CPU.Build.0 = Release|Any CPU
		{3E7ECDAE-805D-4C17-AE71-12943F029937}.Debug|Any CPU.ActiveCfg = Debug|Any CPU
		{3E7ECDAE-805D-4C17-AE71-12943F029937}.Debug|Any CPU.Build.0 = Debug|Any CPU
		{3E7ECDAE-805D-4C17-AE71-12943F029937}.Release|Any CPU.ActiveCfg = Release|Any CPU
		{3E7ECDAE-805D-4C17-AE71-12943F029937}.Release|Any CPU.Build.0 = Release|Any CPU
	EndGlobalSection
	GlobalSection(SolutionProperties) = preSolution
		HideSolutionNode = FALSE
	EndGlobalSection
	GlobalSection(ExtensibilityGlobals) = postSolution
		SolutionGuid = {A22DD1A3-1642-45B2-8CB4-C669925907CE}
	EndGlobalSection
EndGlobal
